{
  "version": 4,
  "terraform_version": "0.12.19",
  "serial": 8,
  "lineage": "5e1d6f16-d802-896e-8c41-07cfc088a588",
  "outputs": {
    "db_vars": {
      "value": {
        "acm": false,
        "all_config_vars": {
          "DATABASE_URL": "postgres://eiytpjpilnzlzo:75edfd7edc7c92f4e27d6afe8d6abe644ca951148f402296c356de6ddc03bd30@ec2-174-129-33-176.compute-1.amazonaws.com:5432/de4asfr6d87d6p",
          "REDIS_URL": "redis://h:p14e3ab215ddf50a370098a3e9d0ac43a521119ed3b12cad82a0c842680239f33@ec2-34-236-124-9.compute-1.amazonaws.com:29289"
        },
        "buildpacks": null,
        "config_vars": {},
        "git_url": "https://git.heroku.com/hashtrack.git",
        "heroku_hostname": "hashtrack.herokuapp.com",
        "id": "hashtrack",
        "internal_routing": false,
        "name": "hashtrack",
        "organization": [],
        "region": "us",
        "sensitive_config_vars": {},
        "space": null,
        "stack": "heroku-18",
        "uuid": "e0da6e09-703a-448b-a3ba-626bc793d8e3",
        "web_url": "https://hashtrack.herokuapp.com/"
      },
      "type": [
        "object",
        {
          "acm": "bool",
          "all_config_vars": [
            "map",
            "string"
          ],
          "buildpacks": [
            "list",
            "string"
          ],
          "config_vars": [
            "map",
            "string"
          ],
          "git_url": "string",
          "heroku_hostname": "string",
          "id": "string",
          "internal_routing": "bool",
          "name": "string",
          "organization": [
            "list",
            [
              "object",
              {
                "locked": "bool",
                "name": "string",
                "personal": "bool"
              }
            ]
          ],
          "region": "string",
          "sensitive_config_vars": [
            "map",
            "string"
          ],
          "space": "string",
          "stack": "string",
          "uuid": "string",
          "web_url": "string"
        }
      ]
    }
  },
  "resources": [
    {
      "mode": "managed",
      "type": "heroku_addon",
      "name": "cache",
      "provider": "provider.heroku",
      "instances": [
        {
          "schema_version": 2,
          "attributes": {
            "app": "hashtrack",
            "config": null,
            "config_vars": [
              "REDIS_URL"
            ],
            "id": "497d848f-50f9-4f2b-b7a5-19a0491deca6",
            "name": "redis-cubed-93898",
            "plan": "heroku-redis:hobby-dev",
            "provider_id": "resource38504632@heroku.com"
          },
          "private": "eyJzY2hlbWFfdmVyc2lvbiI6IjIifQ==",
          "dependencies": [
            "heroku_app.hashtrack"
          ]
        }
      ]
    },
    {
      "mode": "managed",
      "type": "heroku_addon",
      "name": "database",
      "provider": "provider.heroku",
      "instances": [
        {
          "schema_version": 2,
          "attributes": {
            "app": "hashtrack",
            "config": null,
            "config_vars": [
              "DATABASE_URL"
            ],
            "id": "c31603ba-aaf5-4bcc-9f83-30663b272a0f",
            "name": "postgresql-opaque-16066",
            "plan": "heroku-postgresql:hobby-dev",
            "provider_id": "18764364"
          },
          "private": "eyJzY2hlbWFfdmVyc2lvbiI6IjIifQ==",
          "dependencies": [
            "heroku_app.hashtrack"
          ]
        }
      ]
    },
    {
      "mode": "managed",
      "type": "heroku_app",
      "name": "hashtrack",
      "provider": "provider.heroku",
      "instances": [
        {
          "schema_version": 0,
          "attributes": {
            "acm": false,
            "all_config_vars": {
              "DATABASE_URL": "postgres://eiytpjpilnzlzo:75edfd7edc7c92f4e27d6afe8d6abe644ca951148f402296c356de6ddc03bd30@ec2-174-129-33-176.compute-1.amazonaws.com:5432/de4asfr6d87d6p",
              "REDIS_URL": "redis://h:p14e3ab215ddf50a370098a3e9d0ac43a521119ed3b12cad82a0c842680239f33@ec2-34-236-124-9.compute-1.amazonaws.com:29289"
            },
            "buildpacks": null,
            "config_vars": {},
            "git_url": "https://git.heroku.com/hashtrack.git",
            "heroku_hostname": "hashtrack.herokuapp.com",
            "id": "hashtrack",
            "internal_routing": false,
            "name": "hashtrack",
            "organization": [],
            "region": "us",
            "sensitive_config_vars": {},
            "space": null,
            "stack": "heroku-18",
            "uuid": "e0da6e09-703a-448b-a3ba-626bc793d8e3",
            "web_url": "https://hashtrack.herokuapp.com/"
          },
          "private": "bnVsbA=="
        }
      ]
    }
  ]
}
